{
  "name": "@surelybrackets/inspector-f-parsers",
  "version": "0.6.13",
  "lockfileVersion": 1,
  "requires": true,
  "dependencies": {
    "@surelybrackets/inspector-f_types": {
      "version": "0.6.15",
      "resolved": "https://registry.npmjs.org/@surelybrackets/inspector-f_types/-/inspector-f_types-0.6.15.tgz",
      "integrity": "sha512-tkbG03fJ+vfsMO5AwNztsrQllk1WtZNqe0qOvjCdQRQlrmYhhbHjviAa1HwPecxLNVKBugmN77YBbgVQk0Dk0w==",
      "dev": true
    },
    "@types/node": {
      "version": "13.11.0",
      "resolved": "https://registry.npmjs.org/@types/node/-/node-13.11.0.tgz",
      "integrity": "sha512-uM4mnmsIIPK/yeO+42F2RQhGUIs39K2RFmugcJANppXe6J1nvH87PvzPZYpza7Xhhs8Yn9yIAVdLZ84z61+0xQ==",
      "dev": true
    },
    "moment": {
      "version": "2.24.0",
      "resolved": "https://registry.npmjs.org/moment/-/moment-2.24.0.tgz",
      "integrity": "sha512-bV7f+6l2QigeBBZSM/6yTNq4P2fNpSWj/0e7jQcy87A8e7o2nAfP/34/2ky5Vw4B9S446EtIhodAzkFCcR4dQg=="
    },
    "typescript": {
      "version": "3.9.3",
      "resolved": "https://registry.npmjs.org/typescript/-/typescript-3.9.3.tgz",
      "integrity": "sha512-D/wqnB2xzNFIcoBG9FG8cXRDjiqSTbG2wd8DMZeQyJlP1vfTkIxH4GKveWaEBYySKIg+USu+E+EDIR47SqnaMQ==",
      "dev": true
    }
  }
}
